// !$*UTF8*$!
{
	archiveVersion = 1;
	classes = {
	};
	objectVersion = 46;
	objects = {

/* Begin PBXBuildFile section */
		3311231013FC224D008DD555 /* main.m in Sources */ = {isa = PBXBuildFile; fileRef = 3318AFBB13E6EFEC0093280C /* main.m */; };
		3317A9B813EF57A000948520 /* GameViewController.xib in Resources */ = {isa = PBXBuildFile; fileRef = 3317A9B613EF57A000948520 /* GameViewController.xib */; };
		3318AFB013E6EFEC0093280C /* Cocoa.framework in Frameworks */ = {isa = PBXBuildFile; fileRef = 3318AFAF13E6EFEC0093280C /* Cocoa.framework */; };
		3318AFBA13E6EFEC0093280C /* InfoPlist.strings in Resources */ = {isa = PBXBuildFile; fileRef = 3318AFB813E6EFEC0093280C /* InfoPlist.strings */; };
		3318AFC313E6EFEC0093280C /* LeagueDocument.m in Sources */ = {isa = PBXBuildFile; fileRef = 3318AFC213E6EFEC0093280C /* LeagueDocument.m */; };
		3318AFC613E6EFEC0093280C /* LeagueDocument.xib in Resources */ = {isa = PBXBuildFile; fileRef = 3318AFC413E6EFEC0093280C /* LeagueDocument.xib */; };
		3318AFC913E6EFED0093280C /* MainMenu.xib in Resources */ = {isa = PBXBuildFile; fileRef = 3318AFC713E6EFED0093280C /* MainMenu.xib */; };
		3343002813FC1F7E006E7361 /* sample-data.csv in Resources */ = {isa = PBXBuildFile; fileRef = 33965CE813E74A99008F552D /* sample-data.csv */; };
		3343002913FC1F7E006E7361 /* Mac Passer Rating.entitlements in Resources */ = {isa = PBXBuildFile; fileRef = 3318AFFE13E6F2170093280C /* Mac Passer Rating.entitlements */; };
		3394335713E707B90000091C /* libpasser.a in Frameworks */ = {isa = PBXBuildFile; fileRef = 3394335613E707B90000091C /* libpasser.a */; };
		33965CE013E733EA008F552D /* Game.m in Sources */ = {isa = PBXBuildFile; fileRef = 33965CDD13E733EA008F552D /* Game.m */; };
		33965CE113E733EA008F552D /* Passer.m in Sources */ = {isa = PBXBuildFile; fileRef = 33965CDF13E733EA008F552D /* Passer.m */; };
		33965CE413E73410008F552D /* SimpleCSVFile.m in Sources */ = {isa = PBXBuildFile; fileRef = 33965CE313E73410008F552D /* SimpleCSVFile.m */; };
		33965CE713E73801008F552D /* Team.m in Sources */ = {isa = PBXBuildFile; fileRef = 33965CE613E73801008F552D /* Team.m */; };
		33965CF113EDD62D008F552D /* LeagueDocument.xcdatamodeld in Sources */ = {isa = PBXBuildFile; fileRef = 33965CEF13EDD62D008F552D /* LeagueDocument.xcdatamodeld */; };
		3396FA7C13F989B500EEC4B5 /* PassCompletionView.m in Sources */ = {isa = PBXBuildFile; fileRef = 3396FA7B13F989B500EEC4B5 /* PassCompletionView.m */; };
		3396FA8013F9945B00EEC4B5 /* PasserGraphController.m in Sources */ = {isa = PBXBuildFile; fileRef = 3396FA7E13F9945B00EEC4B5 /* PasserGraphController.m */; };
		3396FA8113F9945B00EEC4B5 /* PasserGraphController.xib in Resources */ = {isa = PBXBuildFile; fileRef = 3396FA7F13F9945B00EEC4B5 /* PasserGraphController.xib */; };
/* End PBXBuildFile section */

/* Begin PBXFileReference section */
		3311230B13FC224D008DD555 /* fr-CA */ = {isa = PBXFileReference; lastKnownFileType = file.xib; name = "fr-CA"; path = "fr-CA.lproj/MainMenu.xib"; sourceTree = "<group>"; };
		3317A9B613EF57A000948520 /* GameViewController.xib */ = {isa = PBXFileReference; fileEncoding = 4; lastKnownFileType = file.xib; path = GameViewController.xib; sourceTree = "<group>"; };
		3318AFAB13E6EFEC0093280C /* Passer Rating.app */ = {isa = PBXFileReference; explicitFileType = wrapper.application; includeInIndex = 0; path = "Passer Rating.app"; sourceTree = BUILT_PRODUCTS_DIR; };
		3318AFAF13E6EFEC0093280C /* Cocoa.framework */ = {isa = PBXFileReference; lastKnownFileType = wrapper.framework; name = Cocoa.framework; path = System/Library/Frameworks/Cocoa.framework; sourceTree = SDKROOT; };
		3318AFB213E6EFEC0093280C /* AppKit.framework */ = {isa = PBXFileReference; lastKnownFileType = wrapper.framework; name = AppKit.framework; path = System/Library/Frameworks/AppKit.framework; sourceTree = SDKROOT; };
		3318AFB313E6EFEC0093280C /* CoreData.framework */ = {isa = PBXFileReference; lastKnownFileType = wrapper.framework; name = CoreData.framework; path = System/Library/Frameworks/CoreData.framework; sourceTree = SDKROOT; };
		3318AFB413E6EFEC0093280C /* Foundation.framework */ = {isa = PBXFileReference; lastKnownFileType = wrapper.framework; name = Foundation.framework; path = System/Library/Frameworks/Foundation.framework; sourceTree = SDKROOT; };
		3318AFB713E6EFEC0093280C /* Mac Passer Rating-Info.plist */ = {isa = PBXFileReference; fileEncoding = 4; lastKnownFileType = text.plist.xml; path = "Mac Passer Rating-Info.plist"; sourceTree = "<group>"; };
		3318AFB913E6EFEC0093280C /* en */ = {isa = PBXFileReference; lastKnownFileType = text.plist.strings; name = en; path = en.lproj/InfoPlist.strings; sourceTree = "<group>"; };
		3318AFBB13E6EFEC0093280C /* main.m */ = {isa = PBXFileReference; fileEncoding = 4; lastKnownFileType = sourcecode.c.objc; path = main.m; sourceTree = "<group>"; };
		3318AFBD13E6EFEC0093280C /* Mac Passer Rating-Prefix.pch */ = {isa = PBXFileReference; fileEncoding = 4; lastKnownFileType = sourcecode.c.h; path = "Mac Passer Rating-Prefix.pch"; sourceTree = "<group>"; };
		3318AFBF13E6EFEC0093280C /* en */ = {isa = PBXFileReference; lastKnownFileType = text.rtf; name = en; path = en.lproj/Credits.rtf; sourceTree = "<group>"; };
		3318AFC113E6EFEC0093280C /* LeagueDocument.h */ = {isa = PBXFileReference; lastKnownFileType = sourcecode.c.h; path = LeagueDocument.h; sourceTree = "<group>"; };
		3318AFC213E6EFEC0093280C /* LeagueDocument.m */ = {isa = PBXFileReference; lastKnownFileType = sourcecode.c.objc; path = LeagueDocument.m; sourceTree = "<group>"; };
		3318AFC513E6EFEC0093280C /* en */ = {isa = PBXFileReference; lastKnownFileType = file.xib; name = en; path = en.lproj/LeagueDocument.xib; sourceTree = "<group>"; };
		3318AFC813E6EFED0093280C /* en */ = {isa = PBXFileReference; lastKnownFileType = file.xib; name = en; path = en.lproj/MainMenu.xib; sourceTree = "<group>"; };
		3318AFFE13E6F2170093280C /* Mac Passer Rating.entitlements */ = {isa = PBXFileReference; fileEncoding = 4; lastKnownFileType = text.xml; path = "Mac Passer Rating.entitlements"; sourceTree = "<group>"; };
		3343002513FBFC8C006E7361 /* fr-CA */ = {isa = PBXFileReference; lastKnownFileType = text.rtf; name = "fr-CA"; path = "fr-CA.lproj/Credits.rtf"; sourceTree = "<group>"; };
		3394335613E707B90000091C /* libpasser.a */ = {isa = PBXFileReference; lastKnownFileType = archive.ar; path = libpasser.a; sourceTree = BUILT_PRODUCTS_DIR; };
		33965CDC13E733EA008F552D /* Game.h */ = {isa = PBXFileReference; fileEncoding = 4; lastKnownFileType = sourcecode.c.h; path = Game.h; sourceTree = "<group>"; };
		33965CDD13E733EA008F552D /* Game.m */ = {isa = PBXFileReference; fileEncoding = 4; lastKnownFileType = sourcecode.c.objc; path = Game.m; sourceTree = "<group>"; };
		33965CDE13E733EA008F552D /* Passer.h */ = {isa = PBXFileReference; fileEncoding = 4; lastKnownFileType = sourcecode.c.h; path = Passer.h; sourceTree = "<group>"; };
		33965CDF13E733EA008F552D /* Passer.m */ = {isa = PBXFileReference; fileEncoding = 4; lastKnownFileType = sourcecode.c.objc; path = Passer.m; sourceTree = "<group>"; };
		33965CE213E73410008F552D /* SimpleCSVFile.h */ = {isa = PBXFileReference; fileEncoding = 4; lastKnownFileType = sourcecode.c.h; path = SimpleCSVFile.h; sourceTree = "<group>"; };
		33965CE313E73410008F552D /* SimpleCSVFile.m */ = {isa = PBXFileReference; fileEncoding = 4; lastKnownFileType = sourcecode.c.objc; path = SimpleCSVFile.m; sourceTree = "<group>"; };
		33965CE513E73801008F552D /* Team.h */ = {isa = PBXFileReference; fileEncoding = 4; lastKnownFileType = sourcecode.c.h; path = Team.h; sourceTree = "<group>"; };
		33965CE613E73801008F552D /* Team.m */ = {isa = PBXFileReference; fileEncoding = 4; lastKnownFileType = sourcecode.c.objc; path = Team.m; sourceTree = "<group>"; };
		33965CE813E74A99008F552D /* sample-data.csv */ = {isa = PBXFileReference; fileEncoding = 4; lastKnownFileType = text; path = "sample-data.csv"; sourceTree = "<group>"; };
		33965CF013EDD62D008F552D /* Passer_Rating.xcdatamodel */ = {isa = PBXFileReference; lastKnownFileType = wrapper.xcdatamodel; path = Passer_Rating.xcdatamodel; sourceTree = "<group>"; };
		3396FA7A13F989B500EEC4B5 /* PassCompletionView.h */ = {isa = PBXFileReference; fileEncoding = 4; lastKnownFileType = sourcecode.c.h; path = PassCompletionView.h; sourceTree = "<group>"; };
		3396FA7B13F989B500EEC4B5 /* PassCompletionView.m */ = {isa = PBXFileReference; fileEncoding = 4; lastKnownFileType = sourcecode.c.objc; path = PassCompletionView.m; sourceTree = "<group>"; };
		3396FA7D13F9945B00EEC4B5 /* PasserGraphController.h */ = {isa = PBXFileReference; fileEncoding = 4; lastKnownFileType = sourcecode.c.h; path = PasserGraphController.h; sourceTree = "<group>"; };
		3396FA7E13F9945B00EEC4B5 /* PasserGraphController.m */ = {isa = PBXFileReference; fileEncoding = 4; lastKnownFileType = sourcecode.c.objc; path = PasserGraphController.m; sourceTree = "<group>"; };
		3396FA7F13F9945B00EEC4B5 /* PasserGraphController.xib */ = {isa = PBXFileReference; fileEncoding = 4; lastKnownFileType = file.xib; path = PasserGraphController.xib; sourceTree = "<group>"; };
/* End PBXFileReference section */

/* Begin PBXFrameworksBuildPhase section */
		3318AFA813E6EFEC0093280C /* Frameworks */ = {
			isa = PBXFrameworksBuildPhase;
			buildActionMask = 2147483647;
			files = (
				3394335713E707B90000091C /* libpasser.a in Frameworks */,
				3318AFB013E6EFEC0093280C /* Cocoa.framework in Frameworks */,
			);
			runOnlyForDeploymentPostprocessing = 0;
		};
/* End PBXFrameworksBuildPhase section */

/* Begin PBXGroup section */
		3318AFA013E6EFEC0093280C = {
			isa = PBXGroup;
			children = (
				3394335613E707B90000091C /* libpasser.a */,
				3318AFB513E6EFEC0093280C /* Mac Passer Rating */,
				3318AFAE13E6EFEC0093280C /* Frameworks */,
				3318AFAC13E6EFEC0093280C /* Products */,
			);
			sourceTree = "<group>";
		};
		3318AFAC13E6EFEC0093280C /* Products */ = {
			isa = PBXGroup;
			children = (
				3318AFAB13E6EFEC0093280C /* Passer Rating.app */,
			);
			name = Products;
			sourceTree = "<group>";
		};
		3318AFAE13E6EFEC0093280C /* Frameworks */ = {
			isa = PBXGroup;
			children = (
				3318AFAF13E6EFEC0093280C /* Cocoa.framework */,
				3318AFB113E6EFEC0093280C /* Other Frameworks */,
			);
			name = Frameworks;
			sourceTree = "<group>";
		};
		3318AFB113E6EFEC0093280C /* Other Frameworks */ = {
			isa = PBXGroup;
			children = (
				3318AFB213E6EFEC0093280C /* AppKit.framework */,
				3318AFB313E6EFEC0093280C /* CoreData.framework */,
				3318AFB413E6EFEC0093280C /* Foundation.framework */,
			);
			name = "Other Frameworks";
			sourceTree = "<group>";
		};
		3318AFB513E6EFEC0093280C /* Mac Passer Rating */ = {
			isa = PBXGroup;
			children = (
				3396FA7813F9877B00EEC4B5 /* Views */,
				33965CDB13E732A7008F552D /* Model */,
				3318AFC113E6EFEC0093280C /* LeagueDocument.h */,
				3318AFC213E6EFEC0093280C /* LeagueDocument.m */,
				33965CEF13EDD62D008F552D /* LeagueDocument.xcdatamodeld */,
				3318AFC413E6EFEC0093280C /* LeagueDocument.xib */,
				3318AFC713E6EFED0093280C /* MainMenu.xib */,
				3318AFB613E6EFEC0093280C /* Supporting Files */,
			);
			path = "Mac Passer Rating";
			sourceTree = "<group>";
		};
		3318AFB613E6EFEC0093280C /* Supporting Files */ = {
			isa = PBXGroup;
			children = (
				33965CE813E74A99008F552D /* sample-data.csv */,
				3318AFFE13E6F2170093280C /* Mac Passer Rating.entitlements */,
				3318AFB713E6EFEC0093280C /* Mac Passer Rating-Info.plist */,
				3318AFB813E6EFEC0093280C /* InfoPlist.strings */,
				3318AFBB13E6EFEC0093280C /* main.m */,
				3318AFBD13E6EFEC0093280C /* Mac Passer Rating-Prefix.pch */,
				3318AFBE13E6EFEC0093280C /* Credits.rtf */,
			);
			name = "Supporting Files";
			sourceTree = "<group>";
		};
		33965CDB13E732A7008F552D /* Model */ = {
			isa = PBXGroup;
			children = (
				33965CE213E73410008F552D /* SimpleCSVFile.h */,
				33965CE313E73410008F552D /* SimpleCSVFile.m */,
				33965CDC13E733EA008F552D /* Game.h */,
				33965CDD13E733EA008F552D /* Game.m */,
				33965CDE13E733EA008F552D /* Passer.h */,
				33965CDF13E733EA008F552D /* Passer.m */,
				33965CE513E73801008F552D /* Team.h */,
				33965CE613E73801008F552D /* Team.m */,
			);
			name = Model;
			sourceTree = "<group>";
		};
		3396FA7813F9877B00EEC4B5 /* Views */ = {
			isa = PBXGroup;
			children = (
				3317A9B613EF57A000948520 /* GameViewController.xib */,
				3396FA7D13F9945B00EEC4B5 /* PasserGraphController.h */,
				3396FA7E13F9945B00EEC4B5 /* PasserGraphController.m */,
				3396FA7F13F9945B00EEC4B5 /* PasserGraphController.xib */,
				3396FA7A13F989B500EEC4B5 /* PassCompletionView.h */,
				3396FA7B13F989B500EEC4B5 /* PassCompletionView.m */,
			);
			name = Views;
			sourceTree = "<group>";
		};
/* End PBXGroup section */

/* Begin PBXNativeTarget section */
		3318AFAA13E6EFEC0093280C /* Mac Passer Rating */ = {
			isa = PBXNativeTarget;
			buildConfigurationList = 3318AFCF13E6EFED0093280C /* Build configuration list for PBXNativeTarget "Mac Passer Rating" */;
			buildPhases = (
				3318AFA713E6EFEC0093280C /* Sources */,
				3318AFA813E6EFEC0093280C /* Frameworks */,
				3318AFA913E6EFEC0093280C /* Resources */,
			);
			buildRules = (
			);
			dependencies = (
			);
			name = "Mac Passer Rating";
			productName = "Mac Passer Rating";
			productReference = 3318AFAB13E6EFEC0093280C /* Passer Rating.app */;
			productType = "com.apple.product-type.application";
		};
/* End PBXNativeTarget section */

/* Begin PBXProject section */
		3318AFA213E6EFEC0093280C /* Project object */ = {
			isa = PBXProject;
			attributes = {
				LastUpgradeCheck = 0420;
				ORGANIZATIONNAME = "Fritz Anderson";
			};
			buildConfigurationList = 3318AFA513E6EFEC0093280C /* Build configuration list for PBXProject "Mac Passer Rating" */;
			compatibilityVersion = "Xcode 3.2";
			developmentRegion = English;
			hasScannedForEncodings = 0;
			knownRegions = (
				en,
				"fr-CA",
			);
			mainGroup = 3318AFA013E6EFEC0093280C;
			productRefGroup = 3318AFAC13E6EFEC0093280C /* Products */;
			projectDirPath = "";
			projectRoot = "";
			targets = (
				3318AFAA13E6EFEC0093280C /* Mac Passer Rating */,
			);
		};
/* End PBXProject section */

/* Begin PBXResourcesBuildPhase section */
		3318AFA913E6EFEC0093280C /* Resources */ = {
			isa = PBXResourcesBuildPhase;
			buildActionMask = 2147483647;
			files = (
				3318AFBA13E6EFEC0093280C /* InfoPlist.strings in Resources */,
				3318AFC613E6EFEC0093280C /* LeagueDocument.xib in Resources */,
				3318AFC913E6EFED0093280C /* MainMenu.xib in Resources */,
				3317A9B813EF57A000948520 /* GameViewController.xib in Resources */,
				3396FA8113F9945B00EEC4B5 /* PasserGraphController.xib in Resources */,
				3343002813FC1F7E006E7361 /* sample-data.csv in Resources */,
				3343002913FC1F7E006E7361 /* Mac Passer Rating.entitlements in Resources */,
			);
			runOnlyForDeploymentPostprocessing = 0;
		};
/* End PBXResourcesBuildPhase section */

/* Begin PBXSourcesBuildPhase section */
		3318AFA713E6EFEC0093280C /* Sources */ = {
			isa = PBXSourcesBuildPhase;
			buildActionMask = 2147483647;
			files = (
				3318AFC313E6EFEC0093280C /* LeagueDocument.m in Sources */,
				33965CE013E733EA008F552D /* Game.m in Sources */,
				33965CE113E733EA008F552D /* Passer.m in Sources */,
				33965CE413E73410008F552D /* SimpleCSVFile.m in Sources */,
				33965CE713E73801008F552D /* Team.m in Sources */,
				33965CF113EDD62D008F552D /* LeagueDocument.xcdatamodeld in Sources */,
				3396FA7C13F989B500EEC4B5 /* PassCompletionView.m in Sources */,
				3396FA8013F9945B00EEC4B5 /* PasserGraphController.m in Sources */,
				3311231013FC224D008DD555 /* main.m in Sources */,
			);
			runOnlyForDeploymentPostprocessing = 0;
		};
/* End PBXSourcesBuildPhase section */

/* Begin PBXVariantGroup section */
		3318AFB813E6EFEC0093280C /* InfoPlist.strings */ = {
			isa = PBXVariantGroup;
			children = (
				3318AFB913E6EFEC0093280C /* en */,
			);
			name = InfoPlist.strings;
			sourceTree = "<group>";
		};
		3318AFBE13E6EFEC0093280C /* Credits.rtf */ = {
			isa = PBXVariantGroup;
			children = (
				3318AFBF13E6EFEC0093280C /* en */,
				3343002513FBFC8C006E7361 /* fr-CA */,
			);
			name = Credits.rtf;
			sourceTree = "<group>";
		};
		3318AFC413E6EFEC0093280C /* LeagueDocument.xib */ = {
			isa = PBXVariantGroup;
			children = (
				3318AFC513E6EFEC0093280C /* en */,
			);
			name = LeagueDocument.xib;
			sourceTree = "<group>";
		};
		3318AFC713E6EFED0093280C /* MainMenu.xib */ = {
			isa = PBXVariantGroup;
			children = (
				3318AFC813E6EFED0093280C /* en */,
				3311230B13FC224D008DD555 /* fr-CA */,
			);
			name = MainMenu.xib;
			sourceTree = "<group>";
		};
/* End PBXVariantGroup section */

/* Begin XCBuildConfiguration section */
		3318AFCD13E6EFED0093280C /* Debug */ = {
			isa = XCBuildConfiguration;
			buildSettings = {
				ALWAYS_SEARCH_USER_PATHS = NO;
				ARCHS = "$(ARCHS_STANDARD_64_BIT)";
				CLANG_ENABLE_OBJC_ARC = YES;
				COPY_PHASE_STRIP = NO;
				GCC_C_LANGUAGE_STANDARD = gnu99;
				GCC_DYNAMIC_NO_PIC = NO;
				GCC_ENABLE_OBJC_EXCEPTIONS = YES;
				GCC_OPTIMIZATION_LEVEL = 0;
				GCC_PREPROCESSOR_DEFINITIONS = (
					"DEBUG=1",
					"$(inherited)",
				);
				GCC_SYMBOLS_PRIVATE_EXTERN = NO;
				GCC_VERSION = com.apple.compilers.llvm.clang.1_0;
				GCC_WARN_64_TO_32_BIT_CONVERSION = YES;
				GCC_WARN_ABOUT_MISSING_PROTOTYPES = YES;
				GCC_WARN_ABOUT_RETURN_TYPE = YES;
				GCC_WARN_UNUSED_VARIABLE = YES;
				MACOSX_DEPLOYMENT_TARGET = 10.7;
				ONLY_ACTIVE_ARCH = YES;
				SDKROOT = macosx;
			};
			name = Debug;
		};
		3318AFCE13E6EFED0093280C /* Release */ = {
			isa = XCBuildConfiguration;
			buildSettings = {
				ALWAYS_SEARCH_USER_PATHS = NO;
				ARCHS = "$(ARCHS_STANDARD_64_BIT)";
				CLANG_ENABLE_OBJC_ARC = YES;
				COPY_PHASE_STRIP = YES;
				DEBUG_INFORMATION_FORMAT = "dwarf-with-dsym";
				GCC_C_LANGUAGE_STANDARD = gnu99;
				GCC_ENABLE_OBJC_EXCEPTIONS = YES;
				GCC_VERSION = com.apple.compilers.llvm.clang.1_0;
				GCC_WARN_64_TO_32_BIT_CONVERSION = YES;
				GCC_WARN_ABOUT_MISSING_PROTOTYPES = YES;
				GCC_WARN_ABOUT_RETURN_TYPE = YES;
				GCC_WARN_UNUSED_VARIABLE = YES;
				MACOSX_DEPLOYMENT_TARGET = 10.7;
				SDKROOT = macosx;
			};
			name = Release;
		};
		3318AFD013E6EFED0093280C /* Debug */ = {
			isa = XCBuildConfiguration;
			buildSettings = {
				GCC_PRECOMPILE_PREFIX_HEADER = YES;
				GCC_PREFIX_HEADER = "Mac Passer Rating/Mac Passer Rating-Prefix.pch";
				HEADER_SEARCH_PATHS = "../passer-rating/**";
				INFOPLIST_FILE = "Mac Passer Rating/Mac Passer Rating-Info.plist";
				LIBRARY_SEARCH_PATHS = (
					"$(inherited)",
					"\"$(SRCROOT)/../../../Library/Developer/Xcode/DerivedData/Passers-cxmcnerepomuhchhodfbgdtnuyev/Build/Products/Debug\"",
				);
				PRODUCT_NAME = "Passer Rating";
				WRAPPER_EXTENSION = app;
			};
			name = Debug;
		};
		3318AFD113E6EFED0093280C /* Release */ = {
			isa = XCBuildConfiguration;
			buildSettings = {
				GCC_PRECOMPILE_PREFIX_HEADER = YES;
				GCC_PREFIX_HEADER = "Mac Passer Rating/Mac Passer Rating-Prefix.pch";
				HEADER_SEARCH_PATHS = "../passer-rating/**";
				INFOPLIST_FILE = "Mac Passer Rating/Mac Passer Rating-Info.plist";
				LIBRARY_SEARCH_PATHS = (
					"$(inherited)",
					"\"$(SRCROOT)/../../../Library/Developer/Xcode/DerivedData/Passers-cxmcnerepomuhchhodfbgdtnuyev/Build/Products/Debug\"",
				);
				PRODUCT_NAME = "Passer Rating";
				WRAPPER_EXTENSION = app;
			};
			name = Release;
		};
/* End XCBuildConfiguration section */

/* Begin XCConfigurationList section */
		3318AFA513E6EFEC0093280C /* Build configuration list for PBXProject "Mac Passer Rating" */ = {
			isa = XCConfigurationList;
			buildConfigurations = (
				3318AFCD13E6EFED0093280C /* Debug */,
				3318AFCE13E6EFED0093280C /* Release */,
			);
			defaultConfigurationIsVisible = 0;
			defaultConfigurationName = Release;
		};
		3318AFCF13E6EFED0093280C /* Build configuration list for PBXNativeTarget "Mac Passer Rating" */ = {
			isa = XCConfigurationList;
			buildConfigurations = (
				3318AFD013E6EFED0093280C /* Debug */,
				3318AFD113E6EFED0093280C /* Release */,
			);
			defaultConfigurationIsVisible = 0;
			defaultConfigurationName = Release;
		};
/* End XCConfigurationList section */

/* Begin XCVersionGroup section */
		33965CEF13EDD62D008F552D /* LeagueDocument.xcdatamodeld */ = {
			isa = XCVersionGroup;
			children = (
				33965CF013EDD62D008F552D /* Passer_Rating.xcdatamodel */,
			);
			currentVersion = 33965CF013EDD62D008F552D /* Passer_Rating.xcdatamodel */;
			path = LeagueDocument.xcdatamodeld;
			sourceTree = "<group>";
			versionGroupType = wrapper.xcdatamodel;
		};
/* End XCVersionGroup section */
	};
	rootObject = 3318AFA213E6EFEC0093280C /* Project object */;
}
